// !$*UTF8*$!
{
	archiveVersion = 1;
	classes = {
	};
	objectVersion = 50;
	objects = {

/* Begin PBXBuildFile section */
		4904FD7E230B52CA00435E22 /* AuthenticatedStaffUser+Decodable.swift in Sources */ = {isa = PBXBuildFile; fileRef = 4904FD7D230B52CA00435E22 /* AuthenticatedStaffUser+Decodable.swift */; };
		4904FD80230B531100435E22 /* AuthenticatedStaffUser+Access.swift in Sources */ = {isa = PBXBuildFile; fileRef = 4904FD7F230B531100435E22 /* AuthenticatedStaffUser+Access.swift */; };
		4904FD82230B531B00435E22 /* AuthenticatedStaffUser+Access+Decodable.swift in Sources */ = {isa = PBXBuildFile; fileRef = 4904FD81230B531B00435E22 /* AuthenticatedStaffUser+Access+Decodable.swift */; };
		4907AC7B230DF7B400A1B0B5 /* Patron+Emails+Codable.swift in Sources */ = {isa = PBXBuildFile; fileRef = 4907AC7A230DF7B400A1B0B5 /* Patron+Emails+Codable.swift */; };
		4907AC7D230DF7DA00A1B0B5 /* Patron+Emails+Email.swift in Sources */ = {isa = PBXBuildFile; fileRef = 4907AC7C230DF7DA00A1B0B5 /* Patron+Emails+Email.swift */; };
		4907AC7F230DF81C00A1B0B5 /* Patron+Emails+Email+Codable.swift in Sources */ = {isa = PBXBuildFile; fileRef = 4907AC7E230DF81C00A1B0B5 /* Patron+Emails+Email+Codable.swift */; };
		4907AC81230DF92F00A1B0B5 /* Patron+Phones+Codable.swift in Sources */ = {isa = PBXBuildFile; fileRef = 4907AC80230DF92F00A1B0B5 /* Patron+Phones+Codable.swift */; };
		4907AC83230DF96600A1B0B5 /* Patron+Phones+Phone.swift in Sources */ = {isa = PBXBuildFile; fileRef = 4907AC82230DF96600A1B0B5 /* Patron+Phones+Phone.swift */; };
		4907AC85230DF99500A1B0B5 /* Patron+Phones+Phone+Codable.swift in Sources */ = {isa = PBXBuildFile; fileRef = 4907AC84230DF99500A1B0B5 /* Patron+Phones+Phone+Codable.swift */; };
		490B5F0A22E8ECB400F6AE75 /* Patron+Codable.swift in Sources */ = {isa = PBXBuildFile; fileRef = 490B5F0922E8ECB400F6AE75 /* Patron+Codable.swift */; };
		490B5F0E22E91C2600F6AE75 /* Patron+Phones+Phone+Carrier.swift in Sources */ = {isa = PBXBuildFile; fileRef = 490B5F0D22E91C2500F6AE75 /* Patron+Phones+Phone+Carrier.swift */; };
		490B5F1022E91C6600F6AE75 /* Patron+Name+Title.swift in Sources */ = {isa = PBXBuildFile; fileRef = 490B5F0F22E91C6600F6AE75 /* Patron+Name+Title.swift */; };
		490B5F1222E91C9C00F6AE75 /* Patron+Address.swift in Sources */ = {isa = PBXBuildFile; fileRef = 490B5F1122E91C9C00F6AE75 /* Patron+Address.swift */; };
		490B5F1422E91D3400F6AE75 /* Patron+Balances.swift in Sources */ = {isa = PBXBuildFile; fileRef = 490B5F1322E91D3400F6AE75 /* Patron+Balances.swift */; };
		490B5F1622E91D8E00F6AE75 /* Patron+Emails.swift in Sources */ = {isa = PBXBuildFile; fileRef = 490B5F1522E91D8E00F6AE75 /* Patron+Emails.swift */; };
		490B5F1822E91DB100F6AE75 /* Patron+HoldRequestCounts.swift in Sources */ = {isa = PBXBuildFile; fileRef = 490B5F1722E91DB100F6AE75 /* Patron+HoldRequestCounts.swift */; };
		490B5F1A22E91DEF00F6AE75 /* Patron+ItemCounts.swift in Sources */ = {isa = PBXBuildFile; fileRef = 490B5F1922E91DEF00F6AE75 /* Patron+ItemCounts.swift */; };
		490B5F1C22E91E1200F6AE75 /* Patron+MessageCounts.swift in Sources */ = {isa = PBXBuildFile; fileRef = 490B5F1B22E91E1200F6AE75 /* Patron+MessageCounts.swift */; };
		490B5F1E22E91E2E00F6AE75 /* Patron+Name.swift in Sources */ = {isa = PBXBuildFile; fileRef = 490B5F1D22E91E2E00F6AE75 /* Patron+Name.swift */; };
		490B5F2022E91E5200F6AE75 /* Patron+Phones.swift in Sources */ = {isa = PBXBuildFile; fileRef = 490B5F1F22E91E5200F6AE75 /* Patron+Phones.swift */; };
		490F379C22F362C0005F3DD8 /* Items.swift in Sources */ = {isa = PBXBuildFile; fileRef = 490F379B22F362C0005F3DD8 /* Items.swift */; };
		491865A72307732400A503E3 /* PolarisError.swift in Sources */ = {isa = PBXBuildFile; fileRef = 491865A62307732400A503E3 /* PolarisError.swift */; };
		4929396722F907E800D71FEB /* Items+Item.swift in Sources */ = {isa = PBXBuildFile; fileRef = 4929396622F907E800D71FEB /* Items+Item.swift */; };
		4929396922F9083B00D71FEB /* Items+Item+Codable.swift in Sources */ = {isa = PBXBuildFile; fileRef = 4929396822F9083B00D71FEB /* Items+Item+Codable.swift */; };
		4929396D22F9DF5400D71FEB /* Items+Item+Format.swift in Sources */ = {isa = PBXBuildFile; fileRef = 4929396C22F9DF5400D71FEB /* Items+Item+Format.swift */; };
		4929396F22F9DF9100D71FEB /* Items+Item+Renewal.swift in Sources */ = {isa = PBXBuildFile; fileRef = 4929396E22F9DF9100D71FEB /* Items+Item+Renewal.swift */; };
		4929397122F9DFB300D71FEB /* Items+Item+Branch.swift in Sources */ = {isa = PBXBuildFile; fileRef = 4929397022F9DFB300D71FEB /* Items+Item+Branch.swift */; };
		4929397322F9DFCC00D71FEB /* Items+Item+Vendor.swift in Sources */ = {isa = PBXBuildFile; fileRef = 4929397222F9DFCC00D71FEB /* Items+Item+Vendor.swift */; };
		4929397522F9DFDF00D71FEB /* Items+Item+Bib.swift in Sources */ = {isa = PBXBuildFile; fileRef = 4929397422F9DFDF00D71FEB /* Items+Item+Bib.swift */; };
		4929397722F9DFF000D71FEB /* Items+Item+Billing.swift in Sources */ = {isa = PBXBuildFile; fileRef = 4929397622F9DFF000D71FEB /* Items+Item+Billing.swift */; };
		4929397922F9E04400D71FEB /* Items+Item+Equatable.swift in Sources */ = {isa = PBXBuildFile; fileRef = 4929397822F9E04400D71FEB /* Items+Item+Equatable.swift */; };
		4929397B22F9E3EE00D71FEB /* Items+ItemSet.swift in Sources */ = {isa = PBXBuildFile; fileRef = 4929397A22F9E3EE00D71FEB /* Items+ItemSet.swift */; };
		492939812302085A00D71FEB /* UpdatePatronRequest.swift in Sources */ = {isa = PBXBuildFile; fileRef = 4929397F22FA366B00D71FEB /* UpdatePatronRequest.swift */; };
		492A923622AB2436001EADCD /* Patron.swift in Sources */ = {isa = PBXBuildFile; fileRef = 492A923522AB2436001EADCD /* Patron.swift */; };
		494A8B3C230CCF4E003219EB /* Patron+Address+Codable.swift in Sources */ = {isa = PBXBuildFile; fileRef = 494A8B3B230CCF4E003219EB /* Patron+Address+Codable.swift */; };
		494A8B3E230CD72D003219EB /* Patron+Name+Codable.swift in Sources */ = {isa = PBXBuildFile; fileRef = 494A8B3D230CD72D003219EB /* Patron+Name+Codable.swift */; };
		494A8B40230CD753003219EB /* Patron+MessageCounts+Codable.swift in Sources */ = {isa = PBXBuildFile; fileRef = 494A8B3F230CD753003219EB /* Patron+MessageCounts+Codable.swift */; };
		494A8B42230CD775003219EB /* Patron+ItemCounts+Codable.swift in Sources */ = {isa = PBXBuildFile; fileRef = 494A8B41230CD775003219EB /* Patron+ItemCounts+Codable.swift */; };
		494A8B44230CD79A003219EB /* Patron+HoldRequestCounts+Codable.swift in Sources */ = {isa = PBXBuildFile; fileRef = 494A8B43230CD79A003219EB /* Patron+HoldRequestCounts+Codable.swift */; };
		494A8B46230CD7BB003219EB /* Patron+Balances+Codable.swift in Sources */ = {isa = PBXBuildFile; fileRef = 494A8B45230CD7BB003219EB /* Patron+Balances+Codable.swift */; };
		4979E2502315EE5F008EF546 /* Items+Item+Bib+Codable.swift in Sources */ = {isa = PBXBuildFile; fileRef = 4979E24F2315EE5F008EF546 /* Items+Item+Bib+Codable.swift */; };
		4979E2522315F0A8008EF546 /* Items+Item+Billing+Codable.swift in Sources */ = {isa = PBXBuildFile; fileRef = 4979E2512315F0A8008EF546 /* Items+Item+Billing+Codable.swift */; };
		4979E2542315F0FA008EF546 /* Items+Item+Billing+ChargeTransactionID.swift in Sources */ = {isa = PBXBuildFile; fileRef = 4979E2532315F0FA008EF546 /* Items+Item+Billing+ChargeTransactionID.swift */; };
		4979E2562315F113008EF546 /* Items+Item+Billing+ChargeTransactionID+Codable.swift in Sources */ = {isa = PBXBuildFile; fileRef = 4979E2552315F113008EF546 /* Items+Item+Billing+ChargeTransactionID+Codable.swift */; };
		4979E2582315F184008EF546 /* Items+Item+Branch+Codable.swift in Sources */ = {isa = PBXBuildFile; fileRef = 4979E2572315F184008EF546 /* Items+Item+Branch+Codable.swift */; };
		4979E25A2315F1AF008EF546 /* Items+Item+Branch+BranchType.swift in Sources */ = {isa = PBXBuildFile; fileRef = 4979E2592315F1AF008EF546 /* Items+Item+Branch+BranchType.swift */; };
		4979E25C2315F213008EF546 /* Items+Item+Format+Codable.swift in Sources */ = {isa = PBXBuildFile; fileRef = 4979E25B2315F213008EF546 /* Items+Item+Format+Codable.swift */; };
		4979E25E2315F264008EF546 /* Items+Item+Renewal+Codable.swift in Sources */ = {isa = PBXBuildFile; fileRef = 4979E25D2315F264008EF546 /* Items+Item+Renewal+Codable.swift */; };
		4979E2602315F274008EF546 /* Items+Item+Vendor+Codable.swift in Sources */ = {isa = PBXBuildFile; fileRef = 4979E25F2315F274008EF546 /* Items+Item+Vendor+Codable.swift */; };
		AA5CD18922383CCB009E39CF /* Polaris.h in Headers */ = {isa = PBXBuildFile; fileRef = AA5CD18722383CCB009E39CF /* Polaris.h */; settings = {ATTRIBUTES = (Public, ); }; };
		AA5CD19022384099009E39CF /* Polaris.swift in Sources */ = {isa = PBXBuildFile; fileRef = AA5CD18F22384099009E39CF /* Polaris.swift */; };
		AA5CD192223844EB009E39CF /* Polaris+Authenticate.swift in Sources */ = {isa = PBXBuildFile; fileRef = AA5CD191223844EB009E39CF /* Polaris+Authenticate.swift */; };
		AA5CD1CB22386EB9009E39CF /* Polaris+Bib.swift in Sources */ = {isa = PBXBuildFile; fileRef = AA5CD1CA22386EB9009E39CF /* Polaris+Bib.swift */; };
		AA5CD1E5223878E9009E39CF /* String+Extension.swift in Sources */ = {isa = PBXBuildFile; fileRef = AA5CD1E4223878E9009E39CF /* String+Extension.swift */; };
		AA8E6221224E7FA700C61D4E /* Polaris+PatronAccount.swift in Sources */ = {isa = PBXBuildFile; fileRef = AA8E6220224E7FA700C61D4E /* Polaris+PatronAccount.swift */; };
		AA8E6224224E86A400C61D4E /* RegistrationCreateRequest.swift in Sources */ = {isa = PBXBuildFile; fileRef = AA8E6223224E86A400C61D4E /* RegistrationCreateRequest.swift */; };
		AA8E6227224E86D500C61D4E /* RegistrationCreateResponse.swift in Sources */ = {isa = PBXBuildFile; fileRef = AA8E6226224E86D500C61D4E /* RegistrationCreateResponse.swift */; };
		AAC7EAA222399B9800F999E2 /* Polaris+Endpoints.swift in Sources */ = {isa = PBXBuildFile; fileRef = AAC7EAA122399B9800F999E2 /* Polaris+Endpoints.swift */; };
		AAC7EAA42239A16700F999E2 /* AuthenticateStaffUserRequest.swift in Sources */ = {isa = PBXBuildFile; fileRef = AAC7EAA32239A16700F999E2 /* AuthenticateStaffUserRequest.swift */; };
		AAC7EAA62239A18700F999E2 /* AuthenticatedStaffUser.swift in Sources */ = {isa = PBXBuildFile; fileRef = AAC7EAA52239A18700F999E2 /* AuthenticatedStaffUser.swift */; };
		AAC7EAD22239AE7E00F999E2 /* DateTime.swift in Sources */ = {isa = PBXBuildFile; fileRef = AAC7EAD12239AE7E00F999E2 /* DateTime.swift */; };
		AAC7EAF32239EDAA00F999E2 /* PolarisConfiguration.swift in Sources */ = {isa = PBXBuildFile; fileRef = AAC7EAF22239EDAA00F999E2 /* PolarisConfiguration.swift */; };
		AAC7EB012239FA1900F999E2 /* HTTPClient.swift in Sources */ = {isa = PBXBuildFile; fileRef = AAC7EB002239FA1900F999E2 /* HTTPClient.swift */; };
		AAC7EB23223B17C900F999E2 /* AuthenticatePatronRequest.swift in Sources */ = {isa = PBXBuildFile; fileRef = AAC7EB22223B17C900F999E2 /* AuthenticatePatronRequest.swift */; };
		AAC7EB26223B196C00F999E2 /* AuthenticatedPatron.swift in Sources */ = {isa = PBXBuildFile; fileRef = AAC7EB25223B196C00F999E2 /* AuthenticatedPatron.swift */; };
		AAC7EB30223B3C0200F999E2 /* BibInfo.swift in Sources */ = {isa = PBXBuildFile; fileRef = AAC7EB2F223B3C0200F999E2 /* BibInfo.swift */; };
		AAC7EB33223B3C8C00F999E2 /* BibRow.swift in Sources */ = {isa = PBXBuildFile; fileRef = AAC7EB32223B3C8C00F999E2 /* BibRow.swift */; };
/* End PBXBuildFile section */

/* Begin PBXFileReference section */
		4904FD7D230B52CA00435E22 /* AuthenticatedStaffUser+Decodable.swift */ = {isa = PBXFileReference; lastKnownFileType = sourcecode.swift; path = "AuthenticatedStaffUser+Decodable.swift"; sourceTree = "<group>"; };
		4904FD7F230B531100435E22 /* AuthenticatedStaffUser+Access.swift */ = {isa = PBXFileReference; lastKnownFileType = sourcecode.swift; path = "AuthenticatedStaffUser+Access.swift"; sourceTree = "<group>"; };
		4904FD81230B531B00435E22 /* AuthenticatedStaffUser+Access+Decodable.swift */ = {isa = PBXFileReference; lastKnownFileType = sourcecode.swift; path = "AuthenticatedStaffUser+Access+Decodable.swift"; sourceTree = "<group>"; };
		4907AC7A230DF7B400A1B0B5 /* Patron+Emails+Codable.swift */ = {isa = PBXFileReference; lastKnownFileType = sourcecode.swift; path = "Patron+Emails+Codable.swift"; sourceTree = "<group>"; };
		4907AC7C230DF7DA00A1B0B5 /* Patron+Emails+Email.swift */ = {isa = PBXFileReference; lastKnownFileType = sourcecode.swift; path = "Patron+Emails+Email.swift"; sourceTree = "<group>"; };
		4907AC7E230DF81C00A1B0B5 /* Patron+Emails+Email+Codable.swift */ = {isa = PBXFileReference; lastKnownFileType = sourcecode.swift; path = "Patron+Emails+Email+Codable.swift"; sourceTree = "<group>"; };
		4907AC80230DF92F00A1B0B5 /* Patron+Phones+Codable.swift */ = {isa = PBXFileReference; lastKnownFileType = sourcecode.swift; path = "Patron+Phones+Codable.swift"; sourceTree = "<group>"; };
		4907AC82230DF96600A1B0B5 /* Patron+Phones+Phone.swift */ = {isa = PBXFileReference; lastKnownFileType = sourcecode.swift; path = "Patron+Phones+Phone.swift"; sourceTree = "<group>"; };
		4907AC84230DF99500A1B0B5 /* Patron+Phones+Phone+Codable.swift */ = {isa = PBXFileReference; lastKnownFileType = sourcecode.swift; path = "Patron+Phones+Phone+Codable.swift"; sourceTree = "<group>"; };
		490B5F0922E8ECB400F6AE75 /* Patron+Codable.swift */ = {isa = PBXFileReference; lastKnownFileType = sourcecode.swift; path = "Patron+Codable.swift"; sourceTree = "<group>"; };
		490B5F0D22E91C2500F6AE75 /* Patron+Phones+Phone+Carrier.swift */ = {isa = PBXFileReference; lastKnownFileType = sourcecode.swift; path = "Patron+Phones+Phone+Carrier.swift"; sourceTree = "<group>"; };
		490B5F0F22E91C6600F6AE75 /* Patron+Name+Title.swift */ = {isa = PBXFileReference; lastKnownFileType = sourcecode.swift; path = "Patron+Name+Title.swift"; sourceTree = "<group>"; };
		490B5F1122E91C9C00F6AE75 /* Patron+Address.swift */ = {isa = PBXFileReference; lastKnownFileType = sourcecode.swift; path = "Patron+Address.swift"; sourceTree = "<group>"; };
		490B5F1322E91D3400F6AE75 /* Patron+Balances.swift */ = {isa = PBXFileReference; lastKnownFileType = sourcecode.swift; path = "Patron+Balances.swift"; sourceTree = "<group>"; };
		490B5F1522E91D8E00F6AE75 /* Patron+Emails.swift */ = {isa = PBXFileReference; lastKnownFileType = sourcecode.swift; path = "Patron+Emails.swift"; sourceTree = "<group>"; };
		490B5F1722E91DB100F6AE75 /* Patron+HoldRequestCounts.swift */ = {isa = PBXFileReference; lastKnownFileType = sourcecode.swift; path = "Patron+HoldRequestCounts.swift"; sourceTree = "<group>"; };
		490B5F1922E91DEF00F6AE75 /* Patron+ItemCounts.swift */ = {isa = PBXFileReference; lastKnownFileType = sourcecode.swift; path = "Patron+ItemCounts.swift"; sourceTree = "<group>"; };
		490B5F1B22E91E1200F6AE75 /* Patron+MessageCounts.swift */ = {isa = PBXFileReference; lastKnownFileType = sourcecode.swift; path = "Patron+MessageCounts.swift"; sourceTree = "<group>"; };
		490B5F1D22E91E2E00F6AE75 /* Patron+Name.swift */ = {isa = PBXFileReference; lastKnownFileType = sourcecode.swift; path = "Patron+Name.swift"; sourceTree = "<group>"; };
		490B5F1F22E91E5200F6AE75 /* Patron+Phones.swift */ = {isa = PBXFileReference; lastKnownFileType = sourcecode.swift; path = "Patron+Phones.swift"; sourceTree = "<group>"; };
		490F379B22F362C0005F3DD8 /* Items.swift */ = {isa = PBXFileReference; lastKnownFileType = sourcecode.swift; path = Items.swift; sourceTree = "<group>"; };
		491865A62307732400A503E3 /* PolarisError.swift */ = {isa = PBXFileReference; lastKnownFileType = sourcecode.swift; path = PolarisError.swift; sourceTree = "<group>"; };
		4929396622F907E800D71FEB /* Items+Item.swift */ = {isa = PBXFileReference; lastKnownFileType = sourcecode.swift; path = "Items+Item.swift"; sourceTree = "<group>"; };
		4929396822F9083B00D71FEB /* Items+Item+Codable.swift */ = {isa = PBXFileReference; lastKnownFileType = sourcecode.swift; path = "Items+Item+Codable.swift"; sourceTree = "<group>"; };
		4929396C22F9DF5400D71FEB /* Items+Item+Format.swift */ = {isa = PBXFileReference; lastKnownFileType = sourcecode.swift; path = "Items+Item+Format.swift"; sourceTree = "<group>"; };
		4929396E22F9DF9100D71FEB /* Items+Item+Renewal.swift */ = {isa = PBXFileReference; lastKnownFileType = sourcecode.swift; path = "Items+Item+Renewal.swift"; sourceTree = "<group>"; };
		4929397022F9DFB300D71FEB /* Items+Item+Branch.swift */ = {isa = PBXFileReference; lastKnownFileType = sourcecode.swift; path = "Items+Item+Branch.swift"; sourceTree = "<group>"; };
		4929397222F9DFCC00D71FEB /* Items+Item+Vendor.swift */ = {isa = PBXFileReference; lastKnownFileType = sourcecode.swift; path = "Items+Item+Vendor.swift"; sourceTree = "<group>"; };
		4929397422F9DFDF00D71FEB /* Items+Item+Bib.swift */ = {isa = PBXFileReference; lastKnownFileType = sourcecode.swift; path = "Items+Item+Bib.swift"; sourceTree = "<group>"; };
		4929397622F9DFF000D71FEB /* Items+Item+Billing.swift */ = {isa = PBXFileReference; lastKnownFileType = sourcecode.swift; path = "Items+Item+Billing.swift"; sourceTree = "<group>"; };
		4929397822F9E04400D71FEB /* Items+Item+Equatable.swift */ = {isa = PBXFileReference; lastKnownFileType = sourcecode.swift; path = "Items+Item+Equatable.swift"; sourceTree = "<group>"; };
		4929397A22F9E3EE00D71FEB /* Items+ItemSet.swift */ = {isa = PBXFileReference; lastKnownFileType = sourcecode.swift; path = "Items+ItemSet.swift"; sourceTree = "<group>"; };
		4929397F22FA366B00D71FEB /* UpdatePatronRequest.swift */ = {isa = PBXFileReference; lastKnownFileType = sourcecode.swift; path = UpdatePatronRequest.swift; sourceTree = "<group>"; };
		492A923522AB2436001EADCD /* Patron.swift */ = {isa = PBXFileReference; lastKnownFileType = sourcecode.swift; path = Patron.swift; sourceTree = "<group>"; };
		494A8B3B230CCF4E003219EB /* Patron+Address+Codable.swift */ = {isa = PBXFileReference; lastKnownFileType = sourcecode.swift; path = "Patron+Address+Codable.swift"; sourceTree = "<group>"; };
		494A8B3D230CD72D003219EB /* Patron+Name+Codable.swift */ = {isa = PBXFileReference; lastKnownFileType = sourcecode.swift; path = "Patron+Name+Codable.swift"; sourceTree = "<group>"; };
		494A8B3F230CD753003219EB /* Patron+MessageCounts+Codable.swift */ = {isa = PBXFileReference; lastKnownFileType = sourcecode.swift; path = "Patron+MessageCounts+Codable.swift"; sourceTree = "<group>"; };
		494A8B41230CD775003219EB /* Patron+ItemCounts+Codable.swift */ = {isa = PBXFileReference; lastKnownFileType = sourcecode.swift; path = "Patron+ItemCounts+Codable.swift"; sourceTree = "<group>"; };
		494A8B43230CD79A003219EB /* Patron+HoldRequestCounts+Codable.swift */ = {isa = PBXFileReference; lastKnownFileType = sourcecode.swift; path = "Patron+HoldRequestCounts+Codable.swift"; sourceTree = "<group>"; };
		494A8B45230CD7BB003219EB /* Patron+Balances+Codable.swift */ = {isa = PBXFileReference; lastKnownFileType = sourcecode.swift; path = "Patron+Balances+Codable.swift"; sourceTree = "<group>"; };
		4979E24F2315EE5F008EF546 /* Items+Item+Bib+Codable.swift */ = {isa = PBXFileReference; lastKnownFileType = sourcecode.swift; path = "Items+Item+Bib+Codable.swift"; sourceTree = "<group>"; };
		4979E2512315F0A8008EF546 /* Items+Item+Billing+Codable.swift */ = {isa = PBXFileReference; lastKnownFileType = sourcecode.swift; path = "Items+Item+Billing+Codable.swift"; sourceTree = "<group>"; };
		4979E2532315F0FA008EF546 /* Items+Item+Billing+ChargeTransactionID.swift */ = {isa = PBXFileReference; lastKnownFileType = sourcecode.swift; path = "Items+Item+Billing+ChargeTransactionID.swift"; sourceTree = "<group>"; };
		4979E2552315F113008EF546 /* Items+Item+Billing+ChargeTransactionID+Codable.swift */ = {isa = PBXFileReference; lastKnownFileType = sourcecode.swift; path = "Items+Item+Billing+ChargeTransactionID+Codable.swift"; sourceTree = "<group>"; };
		4979E2572315F184008EF546 /* Items+Item+Branch+Codable.swift */ = {isa = PBXFileReference; lastKnownFileType = sourcecode.swift; path = "Items+Item+Branch+Codable.swift"; sourceTree = "<group>"; };
		4979E2592315F1AF008EF546 /* Items+Item+Branch+BranchType.swift */ = {isa = PBXFileReference; lastKnownFileType = sourcecode.swift; path = "Items+Item+Branch+BranchType.swift"; sourceTree = "<group>"; };
		4979E25B2315F213008EF546 /* Items+Item+Format+Codable.swift */ = {isa = PBXFileReference; lastKnownFileType = sourcecode.swift; path = "Items+Item+Format+Codable.swift"; sourceTree = "<group>"; };
		4979E25D2315F264008EF546 /* Items+Item+Renewal+Codable.swift */ = {isa = PBXFileReference; lastKnownFileType = sourcecode.swift; path = "Items+Item+Renewal+Codable.swift"; sourceTree = "<group>"; };
		4979E25F2315F274008EF546 /* Items+Item+Vendor+Codable.swift */ = {isa = PBXFileReference; lastKnownFileType = sourcecode.swift; path = "Items+Item+Vendor+Codable.swift"; sourceTree = "<group>"; };
		AA5CD18422383CCB009E39CF /* Polaris.framework */ = {isa = PBXFileReference; explicitFileType = wrapper.framework; includeInIndex = 0; path = Polaris.framework; sourceTree = BUILT_PRODUCTS_DIR; };
		AA5CD18722383CCB009E39CF /* Polaris.h */ = {isa = PBXFileReference; lastKnownFileType = sourcecode.c.h; path = Polaris.h; sourceTree = "<group>"; };
		AA5CD18822383CCB009E39CF /* Info.plist */ = {isa = PBXFileReference; lastKnownFileType = text.plist.xml; path = Info.plist; sourceTree = "<group>"; };
		AA5CD18F22384099009E39CF /* Polaris.swift */ = {isa = PBXFileReference; lastKnownFileType = sourcecode.swift; path = Polaris.swift; sourceTree = "<group>"; };
		AA5CD191223844EB009E39CF /* Polaris+Authenticate.swift */ = {isa = PBXFileReference; lastKnownFileType = sourcecode.swift; path = "Polaris+Authenticate.swift"; sourceTree = "<group>"; };
		AA5CD1CA22386EB9009E39CF /* Polaris+Bib.swift */ = {isa = PBXFileReference; lastKnownFileType = sourcecode.swift; path = "Polaris+Bib.swift"; sourceTree = "<group>"; };
		AA5CD1E4223878E9009E39CF /* String+Extension.swift */ = {isa = PBXFileReference; lastKnownFileType = sourcecode.swift; path = "String+Extension.swift"; sourceTree = "<group>"; };
		AA8E6220224E7FA700C61D4E /* Polaris+PatronAccount.swift */ = {isa = PBXFileReference; lastKnownFileType = sourcecode.swift; path = "Polaris+PatronAccount.swift"; sourceTree = "<group>"; };
		AA8E6223224E86A400C61D4E /* RegistrationCreateRequest.swift */ = {isa = PBXFileReference; lastKnownFileType = sourcecode.swift; path = RegistrationCreateRequest.swift; sourceTree = "<group>"; };
		AA8E6226224E86D500C61D4E /* RegistrationCreateResponse.swift */ = {isa = PBXFileReference; lastKnownFileType = sourcecode.swift; path = RegistrationCreateResponse.swift; sourceTree = "<group>"; };
		AAC7EAA122399B9800F999E2 /* Polaris+Endpoints.swift */ = {isa = PBXFileReference; lastKnownFileType = sourcecode.swift; path = "Polaris+Endpoints.swift"; sourceTree = "<group>"; };
		AAC7EAA32239A16700F999E2 /* AuthenticateStaffUserRequest.swift */ = {isa = PBXFileReference; lastKnownFileType = sourcecode.swift; path = AuthenticateStaffUserRequest.swift; sourceTree = "<group>"; };
		AAC7EAA52239A18700F999E2 /* AuthenticatedStaffUser.swift */ = {isa = PBXFileReference; lastKnownFileType = sourcecode.swift; path = AuthenticatedStaffUser.swift; sourceTree = "<group>"; };
		AAC7EAD12239AE7E00F999E2 /* DateTime.swift */ = {isa = PBXFileReference; lastKnownFileType = sourcecode.swift; path = DateTime.swift; sourceTree = "<group>"; };
		AAC7EAF22239EDAA00F999E2 /* PolarisConfiguration.swift */ = {isa = PBXFileReference; lastKnownFileType = sourcecode.swift; path = PolarisConfiguration.swift; sourceTree = "<group>"; };
		AAC7EB002239FA1900F999E2 /* HTTPClient.swift */ = {isa = PBXFileReference; lastKnownFileType = sourcecode.swift; path = HTTPClient.swift; sourceTree = "<group>"; };
		AAC7EB22223B17C900F999E2 /* AuthenticatePatronRequest.swift */ = {isa = PBXFileReference; lastKnownFileType = sourcecode.swift; path = AuthenticatePatronRequest.swift; sourceTree = "<group>"; };
		AAC7EB25223B196C00F999E2 /* AuthenticatedPatron.swift */ = {isa = PBXFileReference; lastKnownFileType = sourcecode.swift; path = AuthenticatedPatron.swift; sourceTree = "<group>"; };
		AAC7EB2F223B3C0200F999E2 /* BibInfo.swift */ = {isa = PBXFileReference; lastKnownFileType = sourcecode.swift; path = BibInfo.swift; sourceTree = "<group>"; };
		AAC7EB32223B3C8C00F999E2 /* BibRow.swift */ = {isa = PBXFileReference; lastKnownFileType = sourcecode.swift; path = BibRow.swift; sourceTree = "<group>"; };
/* End PBXFileReference section */

/* Begin PBXFrameworksBuildPhase section */
		AA5CD18122383CCB009E39CF /* Frameworks */ = {
			isa = PBXFrameworksBuildPhase;
			buildActionMask = 2147483647;
			files = (
			);
			runOnlyForDeploymentPostprocessing = 0;
		};
/* End PBXFrameworksBuildPhase section */

/* Begin PBXGroup section */
		4904FD7C230B149A00435E22 /* PolarisError */ = {
			isa = PBXGroup;
			children = (
				491865A62307732400A503E3 /* PolarisError.swift */,
			);
			path = PolarisError;
			sourceTree = "<group>";
		};
		4929396522F907D300D71FEB /* getItemsOut */ = {
			isa = PBXGroup;
			children = (
				490F379B22F362C0005F3DD8 /* Items.swift */,
				4929397A22F9E3EE00D71FEB /* Items+ItemSet.swift */,
				4929396622F907E800D71FEB /* Items+Item.swift */,
				4929396822F9083B00D71FEB /* Items+Item+Codable.swift */,
				4929397822F9E04400D71FEB /* Items+Item+Equatable.swift */,
				4929397422F9DFDF00D71FEB /* Items+Item+Bib.swift */,
				4979E24F2315EE5F008EF546 /* Items+Item+Bib+Codable.swift */,
				4929397622F9DFF000D71FEB /* Items+Item+Billing.swift */,
				4979E2512315F0A8008EF546 /* Items+Item+Billing+Codable.swift */,
				4979E2532315F0FA008EF546 /* Items+Item+Billing+ChargeTransactionID.swift */,
				4979E2552315F113008EF546 /* Items+Item+Billing+ChargeTransactionID+Codable.swift */,
				4929397022F9DFB300D71FEB /* Items+Item+Branch.swift */,
				4979E2592315F1AF008EF546 /* Items+Item+Branch+BranchType.swift */,
				4979E2572315F184008EF546 /* Items+Item+Branch+Codable.swift */,
				4929396C22F9DF5400D71FEB /* Items+Item+Format.swift */,
				4979E25B2315F213008EF546 /* Items+Item+Format+Codable.swift */,
				4929396E22F9DF9100D71FEB /* Items+Item+Renewal.swift */,
				4979E25D2315F264008EF546 /* Items+Item+Renewal+Codable.swift */,
				4929397222F9DFCC00D71FEB /* Items+Item+Vendor.swift */,
				4979E25F2315F274008EF546 /* Items+Item+Vendor+Codable.swift */,
			);
			path = getItemsOut;
			sourceTree = "<group>";
		};
		492A923722AB243E001EADCD /* getBasicData */ = {
			isa = PBXGroup;
			children = (
				492A923522AB2436001EADCD /* Patron.swift */,
				490B5F0922E8ECB400F6AE75 /* Patron+Codable.swift */,
				490B5F1122E91C9C00F6AE75 /* Patron+Address.swift */,
				494A8B3B230CCF4E003219EB /* Patron+Address+Codable.swift */,
				490B5F1322E91D3400F6AE75 /* Patron+Balances.swift */,
				494A8B45230CD7BB003219EB /* Patron+Balances+Codable.swift */,
				490B5F1522E91D8E00F6AE75 /* Patron+Emails.swift */,
				4907AC7A230DF7B400A1B0B5 /* Patron+Emails+Codable.swift */,
				4907AC7C230DF7DA00A1B0B5 /* Patron+Emails+Email.swift */,
				4907AC7E230DF81C00A1B0B5 /* Patron+Emails+Email+Codable.swift */,
				490B5F1722E91DB100F6AE75 /* Patron+HoldRequestCounts.swift */,
				494A8B43230CD79A003219EB /* Patron+HoldRequestCounts+Codable.swift */,
				490B5F1922E91DEF00F6AE75 /* Patron+ItemCounts.swift */,
				494A8B41230CD775003219EB /* Patron+ItemCounts+Codable.swift */,
				490B5F1B22E91E1200F6AE75 /* Patron+MessageCounts.swift */,
				494A8B3F230CD753003219EB /* Patron+MessageCounts+Codable.swift */,
				490B5F1D22E91E2E00F6AE75 /* Patron+Name.swift */,
				494A8B3D230CD72D003219EB /* Patron+Name+Codable.swift */,
				490B5F0F22E91C6600F6AE75 /* Patron+Name+Title.swift */,
				490B5F1F22E91E5200F6AE75 /* Patron+Phones.swift */,
				4907AC80230DF92F00A1B0B5 /* Patron+Phones+Codable.swift */,
				4907AC82230DF96600A1B0B5 /* Patron+Phones+Phone.swift */,
				4907AC84230DF99500A1B0B5 /* Patron+Phones+Phone+Codable.swift */,
				490B5F0D22E91C2500F6AE75 /* Patron+Phones+Phone+Carrier.swift */,
			);
			path = getBasicData;
			sourceTree = "<group>";
		};
		AA5CD17A22383CCB009E39CF = {
			isa = PBXGroup;
			children = (
				AA5CD18622383CCB009E39CF /* Polaris */,
				AA5CD18522383CCB009E39CF /* Products */,
			);
			sourceTree = "<group>";
		};
		AA5CD18522383CCB009E39CF /* Products */ = {
			isa = PBXGroup;
			children = (
				AA5CD18422383CCB009E39CF /* Polaris.framework */,
			);
			name = Products;
			sourceTree = "<group>";
		};
		AA5CD18622383CCB009E39CF /* Polaris */ = {
			isa = PBXGroup;
			children = (
				AA5CD18722383CCB009E39CF /* Polaris.h */,
				AA5CD18822383CCB009E39CF /* Info.plist */,
				AA5CD1DC22387322009E39CF /* Extensions */,
				AAC7EAD32239AE8200F999E2 /* DateTime */,
				AAC7EB0B223A941A00F999E2 /* HTTPClient */,
				AA5CD1D722387111009E39CF /* Polaris */,
				AAC7EB0C223A943A00F999E2 /* PolarisConfiguration */,
				4904FD7C230B149A00435E22 /* PolarisError */,
			);
			path = Polaris;
			sourceTree = "<group>";
		};
		AA5CD1D722387111009E39CF /* Polaris */ = {
			isa = PBXGroup;
			children = (
				AA5CD18F22384099009E39CF /* Polaris.swift */,
				AAC7EAA122399B9800F999E2 /* Polaris+Endpoints.swift */,
				AA5CD1D82238711E009E39CF /* Authenticate */,
				AA5CD1D922387125009E39CF /* Bib */,
				AA8E6222224E7FAB00C61D4E /* Patron */,
			);
			path = Polaris;
			sourceTree = "<group>";
		};
		AA5CD1D82238711E009E39CF /* Authenticate */ = {
			isa = PBXGroup;
			children = (
				AA5CD191223844EB009E39CF /* Polaris+Authenticate.swift */,
				AAC7EB24223B17CF00F999E2 /* AuthenticatePatron */,
				AAC7EB15223AB26800F999E2 /* AuthenticateStaffUser */,
			);
			path = Authenticate;
			sourceTree = "<group>";
		};
		AA5CD1D922387125009E39CF /* Bib */ = {
			isa = PBXGroup;
			children = (
				AA5CD1CA22386EB9009E39CF /* Polaris+Bib.swift */,
				AAC7EB31223B3C1100F999E2 /* BibGet */,
			);
			path = Bib;
			sourceTree = "<group>";
		};
		AA5CD1DC22387322009E39CF /* Extensions */ = {
			isa = PBXGroup;
			children = (
				AA5CD1E4223878E9009E39CF /* String+Extension.swift */,
			);
			path = Extensions;
			sourceTree = "<group>";
		};
		AA8E6222224E7FAB00C61D4E /* Patron */ = {
			isa = PBXGroup;
			children = (
				AA8E6220224E7FA700C61D4E /* Polaris+PatronAccount.swift */,
				AA8E6225224E86AF00C61D4E /* RegistrationCreate */,
				492A923722AB243E001EADCD /* getBasicData */,
				4929396522F907D300D71FEB /* getItemsOut */,
				4929397F22FA366B00D71FEB /* UpdatePatronRequest.swift */,
			);
			path = Patron;
			sourceTree = "<group>";
		};
		AA8E6225224E86AF00C61D4E /* RegistrationCreate */ = {
			isa = PBXGroup;
			children = (
				AA8E6223224E86A400C61D4E /* RegistrationCreateRequest.swift */,
				AA8E6226224E86D500C61D4E /* RegistrationCreateResponse.swift */,
			);
			path = RegistrationCreate;
			sourceTree = "<group>";
		};
		AAC7EAD32239AE8200F999E2 /* DateTime */ = {
			isa = PBXGroup;
			children = (
				AAC7EAD12239AE7E00F999E2 /* DateTime.swift */,
			);
			path = DateTime;
			sourceTree = "<group>";
		};
		AAC7EB0B223A941A00F999E2 /* HTTPClient */ = {
			isa = PBXGroup;
			children = (
				AAC7EB002239FA1900F999E2 /* HTTPClient.swift */,
			);
			path = HTTPClient;
			sourceTree = "<group>";
		};
		AAC7EB0C223A943A00F999E2 /* PolarisConfiguration */ = {
			isa = PBXGroup;
			children = (
				AAC7EAF22239EDAA00F999E2 /* PolarisConfiguration.swift */,
			);
			path = PolarisConfiguration;
			sourceTree = "<group>";
		};
		AAC7EB15223AB26800F999E2 /* AuthenticateStaffUser */ = {
			isa = PBXGroup;
			children = (
				AAC7EAA32239A16700F999E2 /* AuthenticateStaffUserRequest.swift */,
				AAC7EAA52239A18700F999E2 /* AuthenticatedStaffUser.swift */,
				4904FD7D230B52CA00435E22 /* AuthenticatedStaffUser+Decodable.swift */,
				4904FD7F230B531100435E22 /* AuthenticatedStaffUser+Access.swift */,
				4904FD81230B531B00435E22 /* AuthenticatedStaffUser+Access+Decodable.swift */,
			);
			path = AuthenticateStaffUser;
			sourceTree = "<group>";
		};
		AAC7EB24223B17CF00F999E2 /* AuthenticatePatron */ = {
			isa = PBXGroup;
			children = (
				AAC7EB22223B17C900F999E2 /* AuthenticatePatronRequest.swift */,
				AAC7EB25223B196C00F999E2 /* AuthenticatedPatron.swift */,
			);
			path = AuthenticatePatron;
			sourceTree = "<group>";
		};
		AAC7EB31223B3C1100F999E2 /* BibGet */ = {
			isa = PBXGroup;
			children = (
				AAC7EB2F223B3C0200F999E2 /* BibInfo.swift */,
				AAC7EB32223B3C8C00F999E2 /* BibRow.swift */,
			);
			path = BibGet;
			sourceTree = "<group>";
		};
/* End PBXGroup section */

/* Begin PBXHeadersBuildPhase section */
		AA5CD17F22383CCB009E39CF /* Headers */ = {
			isa = PBXHeadersBuildPhase;
			buildActionMask = 2147483647;
			files = (
				AA5CD18922383CCB009E39CF /* Polaris.h in Headers */,
			);
			runOnlyForDeploymentPostprocessing = 0;
		};
/* End PBXHeadersBuildPhase section */

/* Begin PBXNativeTarget section */
		AA5CD18322383CCB009E39CF /* Polaris */ = {
			isa = PBXNativeTarget;
			buildConfigurationList = AA5CD18C22383CCB009E39CF /* Build configuration list for PBXNativeTarget "Polaris" */;
			buildPhases = (
				AA5CD17F22383CCB009E39CF /* Headers */,
				AA5CD18022383CCB009E39CF /* Sources */,
				AA5CD18122383CCB009E39CF /* Frameworks */,
				AA5CD18222383CCB009E39CF /* Resources */,
			);
			buildRules = (
			);
			dependencies = (
			);
			name = Polaris;
			productName = Polaris;
			productReference = AA5CD18422383CCB009E39CF /* Polaris.framework */;
			productType = "com.apple.product-type.framework";
		};
/* End PBXNativeTarget section */

/* Begin PBXProject section */
		AA5CD17B22383CCB009E39CF /* Project object */ = {
			isa = PBXProject;
			attributes = {
				LastUpgradeCheck = 1010;
				ORGANIZATIONNAME = "Downey City Library";
				TargetAttributes = {
					AA5CD18322383CCB009E39CF = {
						CreatedOnToolsVersion = 10.1;
						LastSwiftMigration = 1010;
					};
				};
			};
			buildConfigurationList = AA5CD17E22383CCB009E39CF /* Build configuration list for PBXProject "Polaris" */;
			compatibilityVersion = "Xcode 9.3";
			developmentRegion = en;
			hasScannedForEncodings = 0;
			knownRegions = (
				en,
			);
			mainGroup = AA5CD17A22383CCB009E39CF;
			productRefGroup = AA5CD18522383CCB009E39CF /* Products */;
			projectDirPath = "";
			projectRoot = "";
			targets = (
				AA5CD18322383CCB009E39CF /* Polaris */,
			);
		};
/* End PBXProject section */

/* Begin PBXResourcesBuildPhase section */
		AA5CD18222383CCB009E39CF /* Resources */ = {
			isa = PBXResourcesBuildPhase;
			buildActionMask = 2147483647;
			files = (
			);
			runOnlyForDeploymentPostprocessing = 0;
		};
/* End PBXResourcesBuildPhase section */

/* Begin PBXSourcesBuildPhase section */
		AA5CD18022383CCB009E39CF /* Sources */ = {
			isa = PBXSourcesBuildPhase;
			buildActionMask = 2147483647;
			files = (
				4979E2522315F0A8008EF546 /* Items+Item+Billing+Codable.swift in Sources */,
				4929397722F9DFF000D71FEB /* Items+Item+Billing.swift in Sources */,
				AAC7EB23223B17C900F999E2 /* AuthenticatePatronRequest.swift in Sources */,
				4929397B22F9E3EE00D71FEB /* Items+ItemSet.swift in Sources */,
				AAC7EAA62239A18700F999E2 /* AuthenticatedStaffUser.swift in Sources */,
				AA8E6227224E86D500C61D4E /* RegistrationCreateResponse.swift in Sources */,
				AAC7EB012239FA1900F999E2 /* HTTPClient.swift in Sources */,
				494A8B3E230CD72D003219EB /* Patron+Name+Codable.swift in Sources */,
				AAC7EAA42239A16700F999E2 /* AuthenticateStaffUserRequest.swift in Sources */,
				490F379C22F362C0005F3DD8 /* Items.swift in Sources */,
				4907AC81230DF92F00A1B0B5 /* Patron+Phones+Codable.swift in Sources */,
				490B5F0A22E8ECB400F6AE75 /* Patron+Codable.swift in Sources */,
				AAC7EB33223B3C8C00F999E2 /* BibRow.swift in Sources */,
				4929397322F9DFCC00D71FEB /* Items+Item+Vendor.swift in Sources */,
				AA5CD1CB22386EB9009E39CF /* Polaris+Bib.swift in Sources */,
				4907AC83230DF96600A1B0B5 /* Patron+Phones+Phone.swift in Sources */,
				4907AC7F230DF81C00A1B0B5 /* Patron+Emails+Email+Codable.swift in Sources */,
				4929397122F9DFB300D71FEB /* Items+Item+Branch.swift in Sources */,
				4929397922F9E04400D71FEB /* Items+Item+Equatable.swift in Sources */,
				4929396D22F9DF5400D71FEB /* Items+Item+Format.swift in Sources */,
				4904FD7E230B52CA00435E22 /* AuthenticatedStaffUser+Decodable.swift in Sources */,
				4979E25E2315F264008EF546 /* Items+Item+Renewal+Codable.swift in Sources */,
				494A8B44230CD79A003219EB /* Patron+HoldRequestCounts+Codable.swift in Sources */,
				AAC7EB30223B3C0200F999E2 /* BibInfo.swift in Sources */,
				AA5CD19022384099009E39CF /* Polaris.swift in Sources */,
				490B5F1E22E91E2E00F6AE75 /* Patron+Name.swift in Sources */,
				492939812302085A00D71FEB /* UpdatePatronRequest.swift in Sources */,
				AA8E6221224E7FA700C61D4E /* Polaris+PatronAccount.swift in Sources */,
				4979E2542315F0FA008EF546 /* Items+Item+Billing+ChargeTransactionID.swift in Sources */,
				4929397522F9DFDF00D71FEB /* Items+Item+Bib.swift in Sources */,
				490B5F1822E91DB100F6AE75 /* Patron+HoldRequestCounts.swift in Sources */,
				4904FD82230B531B00435E22 /* AuthenticatedStaffUser+Access+Decodable.swift in Sources */,
				4979E25C2315F213008EF546 /* Items+Item+Format+Codable.swift in Sources */,
				4929396F22F9DF9100D71FEB /* Items+Item+Renewal.swift in Sources */,
				494A8B3C230CCF4E003219EB /* Patron+Address+Codable.swift in Sources */,
				490B5F1A22E91DEF00F6AE75 /* Patron+ItemCounts.swift in Sources */,
				4979E2582315F184008EF546 /* Items+Item+Branch+Codable.swift in Sources */,
				4979E25A2315F1AF008EF546 /* Items+Item+Branch+BranchType.swift in Sources */,
				AAC7EAA222399B9800F999E2 /* Polaris+Endpoints.swift in Sources */,
				AAC7EB26223B196C00F999E2 /* AuthenticatedPatron.swift in Sources */,
				490B5F0E22E91C2600F6AE75 /* Patron+Phones+Phone+Carrier.swift in Sources */,
				4979E2502315EE5F008EF546 /* Items+Item+Bib+Codable.swift in Sources */,
				494A8B42230CD775003219EB /* Patron+ItemCounts+Codable.swift in Sources */,
				490B5F2022E91E5200F6AE75 /* Patron+Phones.swift in Sources */,
				4929396722F907E800D71FEB /* Items+Item.swift in Sources */,
				AA8E6224224E86A400C61D4E /* RegistrationCreateRequest.swift in Sources */,
				494A8B40230CD753003219EB /* Patron+MessageCounts+Codable.swift in Sources */,
				490B5F1422E91D3400F6AE75 /* Patron+Balances.swift in Sources */,
				4907AC7D230DF7DA00A1B0B5 /* Patron+Emails+Email.swift in Sources */,
				490B5F1622E91D8E00F6AE75 /* Patron+Emails.swift in Sources */,
				490B5F1222E91C9C00F6AE75 /* Patron+Address.swift in Sources */,
				490B5F1C22E91E1200F6AE75 /* Patron+MessageCounts.swift in Sources */,
				491865A72307732400A503E3 /* PolarisError.swift in Sources */,
				AAC7EAF32239EDAA00F999E2 /* PolarisConfiguration.swift in Sources */,
				490B5F1022E91C6600F6AE75 /* Patron+Name+Title.swift in Sources */,
				4904FD80230B531100435E22 /* AuthenticatedStaffUser+Access.swift in Sources */,
				4979E2602315F274008EF546 /* Items+Item+Vendor+Codable.swift in Sources */,
				4907AC7B230DF7B400A1B0B5 /* Patron+Emails+Codable.swift in Sources */,
				AA5CD1E5223878E9009E39CF /* String+Extension.swift in Sources */,
				4907AC85230DF99500A1B0B5 /* Patron+Phones+Phone+Codable.swift in Sources */,
				4929396922F9083B00D71FEB /* Items+Item+Codable.swift in Sources */,
				AAC7EAD22239AE7E00F999E2 /* DateTime.swift in Sources */,
				4979E2562315F113008EF546 /* Items+Item+Billing+ChargeTransactionID+Codable.swift in Sources */,
				492A923622AB2436001EADCD /* Patron.swift in Sources */,
				AA5CD192223844EB009E39CF /* Polaris+Authenticate.swift in Sources */,
				494A8B46230CD7BB003219EB /* Patron+Balances+Codable.swift in Sources */,
			);
			runOnlyForDeploymentPostprocessing = 0;
		};
/* End PBXSourcesBuildPhase section */

/* Begin XCBuildConfiguration section */
		AA5CD18A22383CCB009E39CF /* Debug */ = {
			isa = XCBuildConfiguration;
			buildSettings = {
				ALWAYS_SEARCH_USER_PATHS = NO;
				CLANG_ANALYZER_NONNULL = YES;
				CLANG_ANALYZER_NUMBER_OBJECT_CONVERSION = YES_AGGRESSIVE;
				CLANG_CXX_LANGUAGE_STANDARD = "gnu++14";
				CLANG_CXX_LIBRARY = "libc++";
				CLANG_ENABLE_MODULES = YES;
				CLANG_ENABLE_OBJC_ARC = YES;
				CLANG_ENABLE_OBJC_WEAK = YES;
				CLANG_WARN_BLOCK_CAPTURE_AUTORELEASING = YES;
				CLANG_WARN_BOOL_CONVERSION = YES;
				CLANG_WARN_COMMA = YES;
				CLANG_WARN_CONSTANT_CONVERSION = YES;
				CLANG_WARN_DEPRECATED_OBJC_IMPLEMENTATIONS = YES;
				CLANG_WARN_DIRECT_OBJC_ISA_USAGE = YES_ERROR;
				CLANG_WARN_DOCUMENTATION_COMMENTS = YES;
				CLANG_WARN_EMPTY_BODY = YES;
				CLANG_WARN_ENUM_CONVERSION = YES;
				CLANG_WARN_INFINITE_RECURSION = YES;
				CLANG_WARN_INT_CONVERSION = YES;
				CLANG_WARN_NON_LITERAL_NULL_CONVERSION = YES;
				CLANG_WARN_OBJC_IMPLICIT_RETAIN_SELF = YES;
				CLANG_WARN_OBJC_LITERAL_CONVERSION = YES;
				CLANG_WARN_OBJC_ROOT_CLASS = YES_ERROR;
				CLANG_WARN_RANGE_LOOP_ANALYSIS = YES;
				CLANG_WARN_STRICT_PROTOTYPES = YES;
				CLANG_WARN_SUSPICIOUS_MOVE = YES;
				CLANG_WARN_UNGUARDED_AVAILABILITY = YES_AGGRESSIVE;
				CLANG_WARN_UNREACHABLE_CODE = YES;
				CLANG_WARN__DUPLICATE_METHOD_MATCH = YES;
				CODE_SIGN_IDENTITY = "iPhone Developer";
				COPY_PHASE_STRIP = NO;
				CURRENT_PROJECT_VERSION = 1;
				DEBUG_INFORMATION_FORMAT = dwarf;
				ENABLE_STRICT_OBJC_MSGSEND = YES;
				ENABLE_TESTABILITY = YES;
				GCC_C_LANGUAGE_STANDARD = gnu11;
				GCC_DYNAMIC_NO_PIC = NO;
				GCC_NO_COMMON_BLOCKS = YES;
				GCC_OPTIMIZATION_LEVEL = 0;
				GCC_PREPROCESSOR_DEFINITIONS = (
					"DEBUG=1",
					"$(inherited)",
				);
				GCC_WARN_64_TO_32_BIT_CONVERSION = YES;
				GCC_WARN_ABOUT_RETURN_TYPE = YES_ERROR;
				GCC_WARN_UNDECLARED_SELECTOR = YES;
				GCC_WARN_UNINITIALIZED_AUTOS = YES_AGGRESSIVE;
				GCC_WARN_UNUSED_FUNCTION = YES;
				GCC_WARN_UNUSED_VARIABLE = YES;
				IPHONEOS_DEPLOYMENT_TARGET = 12.1;
				MTL_ENABLE_DEBUG_INFO = INCLUDE_SOURCE;
				MTL_FAST_MATH = YES;
				ONLY_ACTIVE_ARCH = YES;
				SDKROOT = iphoneos;
				SWIFT_ACTIVE_COMPILATION_CONDITIONS = DEBUG;
				SWIFT_OPTIMIZATION_LEVEL = "-Onone";
				VERSIONING_SYSTEM = "apple-generic";
				VERSION_INFO_PREFIX = "";
			};
			name = Debug;
		};
		AA5CD18B22383CCB009E39CF /* Release */ = {
			isa = XCBuildConfiguration;
			buildSettings = {
				ALWAYS_SEARCH_USER_PATHS = NO;
				CLANG_ANALYZER_NONNULL = YES;
				CLANG_ANALYZER_NUMBER_OBJECT_CONVERSION = YES_AGGRESSIVE;
				CLANG_CXX_LANGUAGE_STANDARD = "gnu++14";
				CLANG_CXX_LIBRARY = "libc++";
				CLANG_ENABLE_MODULES = YES;
				CLANG_ENABLE_OBJC_ARC = YES;
				CLANG_ENABLE_OBJC_WEAK = YES;
				CLANG_WARN_BLOCK_CAPTURE_AUTORELEASING = YES;
				CLANG_WARN_BOOL_CONVERSION = YES;
				CLANG_WARN_COMMA = YES;
				CLANG_WARN_CONSTANT_CONVERSION = YES;
				CLANG_WARN_DEPRECATED_OBJC_IMPLEMENTATIONS = YES;
				CLANG_WARN_DIRECT_OBJC_ISA_USAGE = YES_ERROR;
				CLANG_WARN_DOCUMENTATION_COMMENTS = YES;
				CLANG_WARN_EMPTY_BODY = YES;
				CLANG_WARN_ENUM_CONVERSION = YES;
				CLANG_WARN_INFINITE_RECURSION = YES;
				CLANG_WARN_INT_CONVERSION = YES;
				CLANG_WARN_NON_LITERAL_NULL_CONVERSION = YES;
				CLANG_WARN_OBJC_IMPLICIT_RETAIN_SELF = YES;
				CLANG_WARN_OBJC_LITERAL_CONVERSION = YES;
				CLANG_WARN_OBJC_ROOT_CLASS = YES_ERROR;
				CLANG_WARN_RANGE_LOOP_ANALYSIS = YES;
				CLANG_WARN_STRICT_PROTOTYPES = YES;
				CLANG_WARN_SUSPICIOUS_MOVE = YES;
				CLANG_WARN_UNGUARDED_AVAILABILITY = YES_AGGRESSIVE;
				CLANG_WARN_UNREACHABLE_CODE = YES;
				CLANG_WARN__DUPLICATE_METHOD_MATCH = YES;
				CODE_SIGN_IDENTITY = "iPhone Developer";
				COPY_PHASE_STRIP = NO;
				CURRENT_PROJECT_VERSION = 1;
				DEBUG_INFORMATION_FORMAT = "dwarf-with-dsym";
				ENABLE_NS_ASSERTIONS = NO;
				ENABLE_STRICT_OBJC_MSGSEND = YES;
				GCC_C_LANGUAGE_STANDARD = gnu11;
				GCC_NO_COMMON_BLOCKS = YES;
				GCC_WARN_64_TO_32_BIT_CONVERSION = YES;
				GCC_WARN_ABOUT_RETURN_TYPE = YES_ERROR;
				GCC_WARN_UNDECLARED_SELECTOR = YES;
				GCC_WARN_UNINITIALIZED_AUTOS = YES_AGGRESSIVE;
				GCC_WARN_UNUSED_FUNCTION = YES;
				GCC_WARN_UNUSED_VARIABLE = YES;
				IPHONEOS_DEPLOYMENT_TARGET = 12.1;
				MTL_ENABLE_DEBUG_INFO = NO;
				MTL_FAST_MATH = YES;
				SDKROOT = iphoneos;
				SWIFT_COMPILATION_MODE = wholemodule;
				SWIFT_OPTIMIZATION_LEVEL = "-O";
				VALIDATE_PRODUCT = YES;
				VERSIONING_SYSTEM = "apple-generic";
				VERSION_INFO_PREFIX = "";
			};
			name = Release;
		};
		AA5CD18D22383CCB009E39CF /* Debug */ = {
			isa = XCBuildConfiguration;
			buildSettings = {
				CLANG_ENABLE_MODULES = YES;
				CODE_SIGN_IDENTITY = "";
				CODE_SIGN_STYLE = Automatic;
				DEFINES_MODULE = YES;
				DYLIB_COMPATIBILITY_VERSION = 1;
				DYLIB_CURRENT_VERSION = 1;
				DYLIB_INSTALL_NAME_BASE = "@rpath";
				INFOPLIST_FILE = Polaris/Info.plist;
				INSTALL_PATH = "$(LOCAL_LIBRARY_DIR)/Frameworks";
				IPHONEOS_DEPLOYMENT_TARGET = 11.0;
				LD_RUNPATH_SEARCH_PATHS = (
					"$(inherited)",
					"@executable_path/Frameworks",
					"@loader_path/Frameworks",
				);
				PRODUCT_BUNDLE_IDENTIFIER = com.downeycitylibrary.Polaris;
				PRODUCT_NAME = "$(TARGET_NAME:c99extidentifier)";
				SKIP_INSTALL = YES;
				SWIFT_OPTIMIZATION_LEVEL = "-Onone";
				SWIFT_VERSION = 4.2;
				TARGETED_DEVICE_FAMILY = "1,2";
			};
			name = Debug;
		};
		AA5CD18E22383CCB009E39CF /* Release */ = {
			isa = XCBuildConfiguration;
			buildSettings = {
				CLANG_ENABLE_MODULES = YES;
				CODE_SIGN_IDENTITY = "";
				CODE_SIGN_STYLE = Automatic;
				DEFINES_MODULE = YES;
				DYLIB_COMPATIBILITY_VERSION = 1;
				DYLIB_CURRENT_VERSION = 1;
				DYLIB_INSTALL_NAME_BASE = "@rpath";
				INFOPLIST_FILE = Polaris/Info.plist;
				INSTALL_PATH = "$(LOCAL_LIBRARY_DIR)/Frameworks";
				IPHONEOS_DEPLOYMENT_TARGET = 11.0;
				LD_RUNPATH_SEARCH_PATHS = (
					"$(inherited)",
					"@executable_path/Frameworks",
					"@loader_path/Frameworks",
				);
				PRODUCT_BUNDLE_IDENTIFIER = com.downeycitylibrary.Polaris;
				PRODUCT_NAME = "$(TARGET_NAME:c99extidentifier)";
				SKIP_INSTALL = YES;
				SWIFT_VERSION = 4.2;
				TARGETED_DEVICE_FAMILY = "1,2";
			};
			name = Release;
		};
/* End XCBuildConfiguration section */

/* Begin XCConfigurationList section */
		AA5CD17E22383CCB009E39CF /* Build configuration list for PBXProject "Polaris" */ = {
			isa = XCConfigurationList;
			buildConfigurations = (
				AA5CD18A22383CCB009E39CF /* Debug */,
				AA5CD18B22383CCB009E39CF /* Release */,
			);
			defaultConfigurationIsVisible = 0;
			defaultConfigurationName = Release;
		};
		AA5CD18C22383CCB009E39CF /* Build configuration list for PBXNativeTarget "Polaris" */ = {
			isa = XCConfigurationList;
			buildConfigurations = (
				AA5CD18D22383CCB009E39CF /* Debug */,
				AA5CD18E22383CCB009E39CF /* Release */,
			);
			defaultConfigurationIsVisible = 0;
			defaultConfigurationName = Release;
		};
/* End XCConfigurationList section */
	};
	rootObject = AA5CD17B22383CCB009E39CF /* Project object */;
}
